
Microsoft Visual Studio Solution File, Format Version 12.00
# Visual Studio Version 16
VisualStudioVersion = 16.0.29411.108
MinimumVisualStudioVersion = 10.0.40219.1
Project("{FAE04EC0-301F-11D3-BF4B-00C04F79EFBC}") = "jsonPokedex", "jsonPokedex\jsonPokedex.csproj", "{70E41DEC-16A6-4F6C-AF21-3697A8577994}"
EndProject
Global
	GlobalSection(SolutionConfigurationPlatforms) = preSolution
		Debug|Any CPU = Debug|Any CPU
		Release|Any CPU = Release|Any CPU
	EndGlobalSection
	GlobalSection(ProjectConfigurationPlatforms) = postSolution
		{70E41DEC-16A6-4F6C-AF21-3697A8577994}.Debug|Any CPU.ActiveCfg = Debug|Any CPU
		{70E41DEC-16A6-4F6C-AF21-3697A8577994}.Debug|Any CPU.Build.0 = Debug|Any CPU
		{70E41DEC-16A6-4F6C-AF21-3697A8577994}.Release|Any CPU.ActiveCfg = Release|Any CPU
		{70E41DEC-16A6-4F6C-AF21-3697A8577994}.Release|Any CPU.Build.0 = Release|Any CPU
	EndGlobalSection
	GlobalSection(SolutionProperties) = preSolution
		HideSolutionNode = FALSE
	EndGlobalSection
	GlobalSection(ExtensibilityGlobals) = postSolution
		SolutionGuid = {22E3FAAF-6B3B-48A9-9A2C-63E7D55614A9}
	EndGlobalSection
EndGlobal
